{
  "name": "protocol-verify-golden",
  "lockfileVersion": 3,
  "requires": true,
  "packages": {
    "": {
      "name": "protocol-verify-golden",
      "dependencies": {
        "@forestrie/encoding": "0.8.0",
        "@forestrie/merklelog": "0.4.0",
        "@forestrie/receipt-verify": "2.0.0"
      }
    },
    "node_modules/@forestrie/chain-rpc": {
      "version": "0.3.0",
      "resolved": "https://registry.npmjs.org/@forestrie/chain-rpc/-/chain-rpc-0.3.0.tgz",
      "integrity": "sha512-HLLu2EiIJ5sfEtyNwK7f8lCfJQBzZd/BiTZk7lMLwQe4EAA8Ju/RvqqmDyKgf2VqlsnCZi4oJoR6gzVOTmIxDg==",
      "license": "MIT"
    },
    "node_modules/@forestrie/encoding": {
      "version": "0.8.0",
      "resolved": "https://registry.npmjs.org/@forestrie/encoding/-/encoding-0.8.0.tgz",
      "integrity": "sha512-2UquoDJj0CcCMA4dN2CQabMqWbU3/hyTnQqEKGvrG1jZJqOiJ78owq9LkcmLLWtQQ68q/oC72dxnp0EhwSSfew==",
      "license": "MIT",
      "dependencies": {
        "@noble/curves": "^1.8.1"
      }
    },
    "node_modules/@forestrie/merklelog": {
      "version": "0.4.0",
      "resolved": "https://registry.npmjs.org/@forestrie/merklelog/-/merklelog-0.4.0.tgz",
      "integrity": "sha512-ShFyIfzNwQUCYzL2ytEe1CIyoYsBuNBMF1heLtQyXtf5cgBebCEjiOxJnwJSpo3jd9j/Em8GHTLu2JphfqY1GA==",
      "license": "MIT"
    },
    "node_modules/@forestrie/receipt-verify": {
      "version": "2.0.0",
      "resolved": "https://registry.npmjs.org/@forestrie/receipt-verify/-/receipt-verify-2.0.0.tgz",
      "integrity": "sha512-0dD6g6wtv7ep1jqRzeFmtI4HZxQqVNpQuWRr6mscde05UCxXvfGhuU2wF5Lu6P57ZftX1iMLJ+imOJg2JXo2XA==",
      "license": "MIT",
      "dependencies": {
        "@forestrie/chain-rpc": "0.3.0",
        "@forestrie/encoding": "0.8.0",
        "@forestrie/merklelog": "0.4.0",
        "@noble/hashes": "^1.7.1"
      }
    },
    "node_modules/@noble/curves": {
      "version": "1.9.7",
      "resolved": "https://registry.npmjs.org/@noble/curves/-/curves-1.9.7.tgz",
      "integrity": "sha512-gbKGcRUYIjA3/zCCNaWDciTMFI0dCkvou3TL8Zmy5Nc7sJ47a0jtOeZoTaMxkuqRo9cRhjOdZJXegxYE5FN/xw==",
      "license": "MIT",
      "dependencies": {
        "@noble/hashes": "1.8.0"
      },
      "engines": {
        "node": "^14.21.3 || >=16"
      },
      "funding": {
        "url": "https://paulmillr.com/funding/"
      }
    },
    "node_modules/@noble/hashes": {
      "version": "1.8.0",
      "resolved": "https://registry.npmjs.org/@noble/hashes/-/hashes-1.8.0.tgz",
      "integrity": "sha512-jCs9ldd7NwzpgXDIf6P3+NrHh9/sD6CQdxHyjQI+h/6rDNo88ypBxxz45UDuZHz9r3tNz7N/VInSVoVdtXEI4A==",
      "license": "MIT",
      "engines": {
        "node": "^14.21.3 || >=16"
      },
      "funding": {
        "url": "https://paulmillr.com/funding/"
      }
    }
  }
}
